cel.dev/expr v0.25.1 h1:1KrZg61W6TWSxuNZ37Xy49ps13NUovb66QLprthtwi4=
cel.dev/expr v0.25.1/go.mod h1:hrXvqGP6G6gyx8UAHSHJ5RGk//1Oj5nXQ2NI02Nrsg4=
cloud.google.com/go v0.123.0 h1:2NAUJwPR47q+E35uaJeYoNhuNEM9kM8SjgRgdeOJUSE=
cloud.google.com/go v0.123.0/go.mod h1:xBoMV08QcqUGuPW65Qfm1o9Y4zKZBpGS+7bImXLTAZU=
cloud.google.com/go/auth v0.18.2 h1:+Nbt5Ev0xEqxlNjd6c+yYUeosQ5TtEUaNcN/3FozlaM=
cloud.google.com/go/auth v0.18.2/go.mod h1:xD+oY7gcahcu7G2SG2DsBerfFxgPAJz17zz2joOFF3M=
cloud.google.com/go/auth/oauth2adapt v0.2.8 h1:keo8NaayQZ6wimpNSmW5OPc283g65QNIiLpZnkHRbnc=
cloud.google.com/go/auth/oauth2adapt v0.2.8/go.mod h1:XQ9y31RkqZCcwJWNSx2Xvric3RrU88hAYYbjDWYDL+c=
cloud.google.com/go/compute/metadata v0.9.0 h1:pDUj4QMoPejqq20dK0Pg2N4yG9zIkYGdBtwLoEkH9Zs=
cloud.google.com/go/compute/metadata v0.9.0/go.mod h1:E0bWwX5wTnLPedCKqk3pJmVgCBSM6qQI1yTBdEb3C10=
cloud.google.com/go/iam v1.5.3 h1:+vMINPiDF2ognBJ97ABAYYwRgsaqxPbQDlMnbHMjolc=
cloud.google.com/go/iam v1.5.3/go.mod h1:MR3v9oLkZCTlaqljW6Eb2d3HGDGK5/bDv93jhfISFvU=
cloud.google.com/go/logging v1.13.2 h1:qqlHCBvieJT9Cdq4QqYx1KPadCQ2noD4FK02eNqHAjA=
cloud.google.com/go/logging v1.13.2/go.mod h1:zaybliM3yun1J8mU2dVQ1/qDzjbOqEijZCn6hSBtKak=
cloud.google.com/go/longrunning v0.8.0 h1:LiKK77J3bx5gDLi4SMViHixjD2ohlkwBi+mKA7EhfW8=
cloud.google.com/go/longrunning v0.8.0/go.mod h1:UmErU2Onzi+fKDg2gR7dusz11Pe26aknR4kHmJJqIfk=
cloud.google.com/go/monitoring v1.24.3 h1:dde+gMNc0UhPZD1Azu6at2e79bfdztVDS5lvhOdsgaE=
cloud.google.com/go/monitoring v1.24.3/go.mod h1:nYP6W0tm3N9H/bOw8am7t62YTzZY+zUeQ+Bi6+2eonI=
cloud.google.com/go/storage v1.57.2 h1:sVlym3cHGYhrp6XZKkKb+92I1V42ks2qKKpB0CF5Mb4=
cloud.google.com/go/storage v1.57.2/go.mod h1:n5ijg4yiRXXpCu0sJTD6k+eMf7GRrJmPyr9YxLXGHOk=
cloud.google.com/go/trace v1.11.7 h1:kDNDX8JkaAG3R2nq1lIdkb7FCSi1rCmsEtKVsty7p+U=
cloud.google.com/go/trace v1.11.7/go.mod h1:TNn9d5V3fQVf6s4SCveVMIBS2LJUqo73GACmq/Tky0s=
github.com/Azure/azure-sdk-for-go/sdk/azcore v1.20.0 h1:JXg2dwJUmPB9JmtVmdEB16APJ7jurfbY5jnfXpJoRMc=
github.com/Azure/azure-sdk-for-go/sdk/azcore v1.20.0/go.mod h1:YD5h/ldMsG0XiIw7PdyNhLxaM317eFh5yNLccNfGdyw=
github.com/Azure/azure-sdk-for-go/sdk/azidentity v1.13.1 h1:Hk5QBxZQC1jb2Fwj6mpzme37xbCDdNTxU7O9eb5+LB4=
github.com/Azure/azure-sdk-for-go/sdk/azidentity v1.13.1/go.mod h1:IYus9qsFobWIc2YVwe/WPjcnyCkPKtnHAqUYeebc8z0=
github.com/Azure/azure-sdk-for-go/sdk/azidentity/cache v0.3.2 h1:yz1bePFlP5Vws5+8ez6T3HWXPmwOK7Yvq8QxDBD3SKY=
github.com/Azure/azure-sdk-for-go/sdk/azidentity/cache v0.3.2/go.mod h1:Pa9ZNPuoNu/GztvBSKk9J1cDJW6vk/n0zLtV4mgd8N8=
github.com/Azure/azure-sdk-for-go/sdk/internal v1.11.2 h1:9iefClla7iYpfYWdzPCRDozdmndjTm8DXdpCzPajMgA=
github.com/Azure/azure-sdk-for-go/sdk/internal v1.11.2/go.mod h1:XtLgD3ZD34DAaVIIAyG3objl5DynM3CQ/vMcbBNJZGI=
github.com/Azure/azure-sdk-for-go/sdk/resourcemanager/storage/armstorage v1.8.1 h1:/Zt+cDPnpC3OVDm/JKLOs7M2DKmLRIIp3XIx9pHHiig=
github.com/Azure/azure-sdk-for-go/sdk/resourcemanager/storage/armstorage v1.8.1/go.mod h1:Ng3urmn6dYe8gnbCMoHHVl5APYz2txho3koEkV2o2HA=
github.com/Azure/azure-sdk-for-go/sdk/storage/azblob v1.6.3 h1:ZJJNFaQ86GVKQ9ehwqyAFE6pIfyicpuJ8IkVaPBc6/4=
github.com/Azure/azure-sdk-for-go/sdk/storage/azblob v1.6.3/go.mod h1:URuDvhmATVKqHBH9/0nOiNKk0+YcwfQ3WkK5PqHKxc8=
github.com/Azure/go-autorest v14.2.0+incompatible h1:V5VMDjClD3GiElqLWO7mz2MxNAK/vTfRHdAubSIPRgs=
github.com/Azure/go-autorest v14.2.0+incompatible/go.mod h1:r+4oMnoxhatjLLJ6zxSWATqVooLgysK6ZNox3g/xq24=
github.com/Azure/go-autorest/autorest/to v0.4.1 h1:CxNHBqdzTr7rLtdrtb5CMjJcDut+WNGCVv7OmS5+lTc=
github.com/Azure/go-autorest/autorest/to v0.4.1/go.mod h1:EtaofgU4zmtvn1zT2ARsjRFdq9vXx0YWtmElwL+GZ9M=
github.com/AzureAD/microsoft-authentication-extensions-for-go/cache v0.1.1 h1:WJTmL004Abzc5wDB5VtZG2PJk5ndYDgVacGqfirKxjM=
github.com/AzureAD/microsoft-authentication-extensions-for-go/cache v0.1.1/go.mod h1:tCcJZ0uHAmvjsVYzEFivsRTN00oz5BEsRgQHu5JZ9WE=
github.com/AzureAD/microsoft-authentication-library-for-go v1.6.0 h1:XRzhVemXdgvJqCH0sFfrBUTnUJSBrBf7++ypk+twtRs=
github.com/AzureAD/microsoft-authentication-library-for-go v1.6.0/go.mod h1:HKpQxkWaGLJ+D/5H8QRpyQXA1eKjxkFlOMwck5+33Jk=
github.com/BurntSushi/toml v1.4.1-0.20240526193622-a339e1f7089c h1:pxW6RcqyfI9/kWtOwnv/G+AzdKuy2ZrqINhenH4HyNs=
github.com/BurntSushi/toml v1.4.1-0.20240526193622-a339e1f7089c/go.mod h1:ukJfTF/6rtPPRCnwkur4qwRxa8vTRFBF0uk2lLoLwho=
github.com/GoogleCloudPlatform/opentelemetry-operations-go/detectors/gcp v1.30.0 h1:sBEjpZlNHzK1voKq9695PJSX2o5NEXl7/OL3coiIY0c=
github.com/GoogleCloudPlatform/opentelemetry-operations-go/detectors/gcp v1.30.0/go.mod h1:P4WPRUkOhJC13W//jWpyfJNDAIpvRbAUIYLX/4jtlE0=
github.com/GoogleCloudPlatform/opentelemetry-operations-go/exporter/metric v0.54.0 h1:lhhYARPUu3LmHysQ/igznQphfzynnqI3D75oUyw1HXk=
github.com/GoogleCloudPlatform/opentelemetry-operations-go/exporter/metric v0.54.0/go.mod h1:l9rva3ApbBpEJxSNYnwT9N4CDLrWgtq3u8736C5hyJw=
github.com/GoogleCloudPlatform/opentelemetry-operations-go/internal/cloudmock v0.54.0 h1:xfK3bbi6F2RDtaZFtUdKO3osOBIhNb+xTs8lFW6yx9o=
github.com/GoogleCloudPlatform/opentelemetry-operations-go/internal/cloudmock v0.54.0/go.mod h1:vB2GH9GAYYJTO3mEn8oYwzEdhlayZIdQz6zdzgUIRvA=
github.com/GoogleCloudPlatform/opentelemetry-operations-go/internal/resourcemapping v0.54.0 h1:s0WlVbf9qpvkh1c/uDAPElam0WrL7fHRIidgZJ7UqZI=
github.com/GoogleCloudPlatform/opentelemetry-operations-go/internal/resourcemapping v0.54.0/go.mod h1:Mf6O40IAyB9zR/1J8nGDDPirZQQPbYJni8Yisy7NTMc=
github.com/PuerkitoBio/rehttp v1.4.0 h1:rIN7A2s+O9fmHUM1vUcInvlHj9Ysql4hE+Y0wcl/xk8=
github.com/PuerkitoBio/rehttp v1.4.0/go.mod h1:LUwKPoDbDIA2RL5wYZCNsQ90cx4OJ4AWBmq6KzWZL1s=
github.com/andreyvit/diff v0.0.0-20170406064948-c7f18ee00883 h1:bvNMNQO63//z+xNgfBlViaCIJKLlCJ6/fmUseuG0wVQ=
github.com/andreyvit/diff v0.0.0-20170406064948-c7f18ee00883/go.mod h1:rCTlJbsFo29Kk6CurOXKm700vrz8f0KW0JNfpkRJY/8=
github.com/auth0/go-auth0 v1.36.0 h1:B3gxl26i4HLKoUmpEF4KrtsEA0Tx0Quxci+9f8/Lvfg=
github.com/auth0/go-auth0 v1.36.0/go.mod h1:32sQB1uAn+99fJo6N819EniKq8h785p0ag0lMWhiTaE=
github.com/aws/aws-sdk-go-v2 v1.41.5 h1:dj5kopbwUsVUVFgO4Fi5BIT3t4WyqIDjGKCangnV/yY=
github.com/aws/aws-sdk-go-v2 v1.41.5/go.mod h1:mwsPRE8ceUUpiTgF7QmQIJ7lgsKUPQOUl3o72QBrE1o=
github.com/aws/aws-sdk-go-v2/aws/protocol/eventstream v1.7.3 h1:DHctwEM8P8iTXFxC/QK0MRjwEpWQeM9yzidCRjldUz0=
github.com/aws/aws-sdk-go-v2/aws/protocol/eventstream v1.7.3/go.mod h1:xdCzcZEtnSTKVDOmUZs4l/j3pSV6rpo1WXl5ugNsL8Y=
github.com/aws/aws-sdk-go-v2/config v1.32.13 h1:5KgbxMaS2coSWRrx9TX/QtWbqzgQkOdEa3sZPhBhCSg=
github.com/aws/aws-sdk-go-v2/config v1.32.13/go.mod h1:8zz7wedqtCbw5e9Mi2doEwDyEgHcEE9YOJp6a8jdSMY=
github.com/aws/aws-sdk-go-v2/credentials v1.19.13 h1:mA59E3fokBvyEGHKFdnpNNrvaR351cqiHgRg+JzOSRI=
github.com/aws/aws-sdk-go-v2/credentials v1.19.13/go.mod h1:yoTXOQKea18nrM69wGF9jBdG4WocSZA1h38A+t/MAsk=
github.com/aws/aws-sdk-go-v2/feature/ec2/imds v1.18.21 h1:NUS3K4BTDArQqNu2ih7yeDLaS3bmHD0YndtA6UP884g=
github.com/aws/aws-sdk-go-v2/feature/ec2/imds v1.18.21/go.mod h1:YWNWJQNjKigKY1RHVJCuupeWDrrHjRqHm0N9rdrWzYI=
github.com/aws/aws-sdk-go-v2/feature/s3/manager v1.20.12 h1:Zy6Tme1AA13kX8x3CnkHx5cqdGWGaj/anwOiWGnA0Xo=
github.com/aws/aws-sdk-go-v2/feature/s3/manager v1.20.12/go.mod h1:ql4uXYKoTM9WUAUSmthY4AtPVrlTBZOvnBJTiCUdPxI=
github.com/aws/aws-sdk-go-v2/internal/configsources v1.4.21 h1:Rgg6wvjjtX8bNHcvi9OnXWwcE0a2vGpbwmtICOsvcf4=
github.com/aws/aws-sdk-go-v2/internal/configsources v1.4.21/go.mod h1:A/kJFst/nm//cyqonihbdpQZwiUhhzpqTsdbhDdRF9c=
github.com/aws/aws-sdk-go-v2/internal/endpoints/v2 v2.7.21 h1:PEgGVtPoB6NTpPrBgqSE5hE/o47Ij9qk/SEZFbUOe9A=
github.com/aws/aws-sdk-go-v2/internal/endpoints/v2 v2.7.21/go.mod h1:p+hz+PRAYlY3zcpJhPwXlLC4C+kqn70WIHwnzAfs6ps=
github.com/aws/aws-sdk-go-v2/internal/ini v1.8.6 h1:qYQ4pzQ2Oz6WpQ8T3HvGHnZydA72MnLuFK9tJwmrbHw=
github.com/aws/aws-sdk-go-v2/internal/ini v1.8.6/go.mod h1:O3h0IK87yXci+kg6flUKzJnWeziQUKciKrLjcatSNcY=
github.com/aws/aws-sdk-go-v2/internal/v4a v1.4.14 h1:ITi7qiDSv/mSGDSWNpZ4k4Ve0DQR6Ug2SJQ8zEHoDXg=
github.com/aws/aws-sdk-go-v2/internal/v4a v1.4.14/go.mod h1:k1xtME53H1b6YpZt74YmwlONMWf4ecM+lut1WQLAF/U=
github.com/aws/aws-sdk-go-v2/service/cognitoidentityprovider v1.59.3 h1:iO0QRVlRoZXdOnpHEqSpitTRN4ygq+FraXdYgm4qZdU=
github.com/aws/aws-sdk-go-v2/service/cognitoidentityprovider v1.59.3/go.mod h1:XPkppF4ijOR6oZvwXB2tjQDLjkTEGCFn8Onl26v4GHQ=
github.com/aws/aws-sdk-go-v2/service/internal/accept-encoding v1.13.7 h1:5EniKhLZe4xzL7a+fU3C2tfUN4nWIqlLesfrjkuPFTY=
github.com/aws/aws-sdk-go-v2/service/internal/accept-encoding v1.13.7/go.mod h1:x0nZssQ3qZSnIcePWLvcoFisRXJzcTVvYpAAdYX8+GI=
github.com/aws/aws-sdk-go-v2/service/internal/checksum v1.9.5 h1:Hjkh7kE6D81PgrHlE/m9gx+4TyyeLHuY8xJs7yXN5C4=
github.com/aws/aws-sdk-go-v2/service/internal/checksum v1.9.5/go.mod h1:nPRXgyCfAurhyaTMoBMwRBYBhaHI4lNPAnJmjM0Tslc=
github.com/aws/aws-sdk-go-v2/service/internal/presigned-url v1.13.21 h1:c31//R3xgIJMSC8S6hEVq+38DcvUlgFY0FM6mSI5oto=
github.com/aws/aws-sdk-go-v2/service/internal/presigned-url v1.13.21/go.mod h1:r6+pf23ouCB718FUxaqzZdbpYFyDtehyZcmP5KL9FkA=
github.com/aws/aws-sdk-go-v2/service/internal/s3shared v1.19.14 h1:FzQE21lNtUor0Fb7QNgnEyiRCBlolLTX/Z1j65S7teM=
github.com/aws/aws-sdk-go-v2/service/internal/s3shared v1.19.14/go.mod h1:s1ydyWG9pm3ZwmmYN21HKyG9WzAZhYVW85wMHs5FV6w=
github.com/aws/aws-sdk-go-v2/service/s3 v1.92.1 h1:OgQy/+0+Kc3khtqiEOk23xQAglXi3Tj0y5doOxbi5tg=
github.com/aws/aws-sdk-go-v2/service/s3 v1.92.1/go.mod h1:wYNqY3L02Z3IgRYxOBPH9I1zD9Cjh9hI5QOy/eOjQvw=
github.com/aws/aws-sdk-go-v2/service/signin v1.0.9 h1:QKZH0S178gCmFEgst8hN0mCX1KxLgHBKKY/CLqwP8lg=
github.com/aws/aws-sdk-go-v2/service/signin v1.0.9/go.mod h1:7yuQJoT+OoH8aqIxw9vwF+8KpvLZ8AWmvmUWHsGQZvI=
github.com/aws/aws-sdk-go-v2/service/sso v1.30.14 h1:GcLE9ba5ehAQma6wlopUesYg/hbcOhFNWTjELkiWkh4=
github.com/aws/aws-sdk-go-v2/service/sso v1.30.14/go.mod h1:WSvS1NLr7JaPunCXqpJnWk1Bjo7IxzZXrZi1QQCkuqM=
github.com/aws/aws-sdk-go-v2/service/ssooidc v1.35.18 h1:mP49nTpfKtpXLt5SLn8Uv8z6W+03jYVoOSAl/c02nog=
github.com/aws/aws-sdk-go-v2/service/ssooidc v1.35.18/go.mod h1:YO8TrYtFdl5w/4vmjL8zaBSsiNp3w0L1FfKVKenZT7w=
github.com/aws/aws-sdk-go-v2/service/sts v1.41.10 h1:p8ogvvLugcR/zLBXTXrTkj0RYBUdErbMnAFFp12Lm/U=
github.com/aws/aws-sdk-go-v2/service/sts v1.41.10/go.mod h1:60dv0eZJfeVXfbT1tFJinbHrDfSJ2GZl4Q//OSSNAVw=
github.com/aws/smithy-go v1.24.2 h1:FzA3bu/nt/vDvmnkg+R8Xl46gmzEDam6mZ1hzmwXFng=
github.com/aws/smithy-go v1.24.2/go.mod h1:YE2RhdIuDbA5E5bTdciG9KrW3+TiEONeUWCqxX9i1Fc=
github.com/aybabtme/iocontrol v0.0.0-20150809002002-ad15bcfc95a0 h1:0NmehRCgyk5rljDQLKUO+cRJCnduDyn11+zGZIc9Z48=
github.com/aybabtme/iocontrol v0.0.0-20150809002002-ad15bcfc95a0/go.mod h1:6L7zgvqo0idzI7IO8de6ZC051AfXb5ipkIJ7bIA2tGA=
github.com/benbjohnson/clock v1.1.0 h1:Q92kusRqC1XV2MjkWETPvjJVqKetz1OzxZB7mHJLju8=
github.com/benbjohnson/clock v1.1.0/go.mod h1:J11/hYXuz8f4ySSvYwY0FKfm+ezbsZBKZxNJlLklBHA=
github.com/cenkalti/backoff/v4 v4.3.0 h1:MyRJ/UdXutAwSAT+s3wNd7MfTIcy71VQueUuFK343L8=
github.com/cenkalti/backoff/v4 v4.3.0/go.mod h1:Y3VNntkOUPxTVeUxJ/G5vcM//AlwfmyYozVcomhLiZE=
github.com/cespare/xxhash/v2 v2.3.0 h1:UL815xU9SqsFlibzuggzjXhog7bL6oX9BbNZnL2UFvs=
github.com/cespare/xxhash/v2 v2.3.0/go.mod h1:VGX0DQ3Q6kWi7AoAeZDth3/j3BFtOZR5XLFGgcrjCOs=
github.com/cncf/xds/go v0.0.0-20251210132809-ee656c7534f5 h1:6xNmx7iTtyBRev0+D/Tv1FZd4SCg8axKApyNyRsAt/w=
github.com/cncf/xds/go v0.0.0-20251210132809-ee656c7534f5/go.mod h1:KdCmV+x/BuvyMxRnYBlmVaq4OLiKW6iRQfvC62cvdkI=
github.com/coreos/go-oidc/v3 v3.17.0 h1:hWBGaQfbi0iVviX4ibC7bk8OKT5qNr4klBaCHVNvehc=
github.com/coreos/go-oidc/v3 v3.17.0/go.mod h1:wqPbKFrVnE90vty060SB40FCJ8fTHTxSwyXJqZH+sI8=
github.com/cpuguy83/go-md2man/v2 v2.0.6/go.mod h1:oOW0eioCTA6cOiMLiUPZOpcVxMig6NIQQ7OS05n1F4g=
github.com/davecgh/go-spew v1.1.0/go.mod h1:J7Y8YcW2NihsgmVo/mv3lAwl/skON4iLHjSsI+c5H38=
github.com/davecgh/go-spew v1.1.2-0.20180830191138-d8f796af33cc h1:U9qPSI2PIWSS1VwoXQT9A3Wy9MM3WgvqSxFWenqJduM=
github.com/davecgh/go-spew v1.1.2-0.20180830191138-d8f796af33cc/go.mod h1:J7Y8YcW2NihsgmVo/mv3lAwl/skON4iLHjSsI+c5H38=
github.com/decred/dcrd/dcrec/secp256k1/v4 v4.4.0 h1:NMZiJj8QnKe1LgsbDayM4UoHwbvwDRwnI3hwNaAHRnc=
github.com/decred/dcrd/dcrec/secp256k1/v4 v4.4.0/go.mod h1:ZXNYxsqcloTdSy/rNShjYzMhyjf0LaoftYK0p+A3h40=
github.com/dustin/go-humanize v1.0.0/go.mod h1:HtrtbFcZ19U5GC7JDqmcUSB87Iq5E25KnS6fMYU6eOk=
github.com/envoyproxy/go-control-plane v0.14.0 h1:hbG2kr4RuFj222B6+7T83thSPqLjwBIfQawTkC++2HA=
github.com/envoyproxy/go-control-plane v0.14.0/go.mod h1:NcS5X47pLl/hfqxU70yPwL9ZMkUlwlKxtAohpi2wBEU=
github.com/envoyproxy/go-control-plane/envoy v1.36.0 h1:yg/JjO5E7ubRyKX3m07GF3reDNEnfOboJ0QySbH736g=
github.com/envoyproxy/go-control-plane/envoy v1.36.0/go.mod h1:ty89S1YCCVruQAm9OtKeEkQLTb+Lkz0k8v9W0Oxsv98=
github.com/envoyproxy/go-control-plane/ratelimit v0.1.0 h1:/G9QYbddjL25KvtKTv3an9lx6VBE2cnb8wp1vEGNYGI=
github.com/envoyproxy/go-control-plane/ratelimit v0.1.0/go.mod h1:Wk+tMFAFbCXaJPzVVHnPgRKdUdwW/KdbRt94AzgRee4=
github.com/envoyproxy/protoc-gen-validate v1.3.0 h1:TvGH1wof4H33rezVKWSpqKz5NXWg5VPuZ0uONDT6eb4=
github.com/envoyproxy/protoc-gen-validate v1.3.0/go.mod h1:HvYl7zwPa5mffgyeTUHA9zHIH36nmrm7oCbo4YKoSWA=
github.com/felixge/httpsnoop v1.0.4 h1:NFTV2Zj1bL4mc9sqWACXbQFVBBg2W3GPvqp8/ESS2Wg=
github.com/felixge/httpsnoop v1.0.4/go.mod h1:m8KPJKqk1gH5J9DgRY2ASl2lWCfGKXixSwevea8zH2U=
github.com/gabriel-vasile/mimetype v1.4.13 h1:46nXokslUBsAJE/wMsp5gtO500a4F3Nkz9Ufpk2AcUM=
github.com/gabriel-vasile/mimetype v1.4.13/go.mod h1:d+9Oxyo1wTzWdyVUPMmXFvp4F9tea18J8ufA774AB3s=
github.com/go-chi/chi/v5 v5.2.5 h1:Eg4myHZBjyvJmAFjFvWgrqDTXFyOzjj7YIm3L3mu6Ug=
github.com/go-chi/chi/v5 v5.2.5/go.mod h1:X7Gx4mteadT3eDOMTsXzmI4/rwUpOwBHLpAfupzFJP0=
github.com/go-jose/go-jose/v3 v3.0.4 h1:Wp5HA7bLQcKnf6YYao/4kpRpVMp/yf6+pJKV8WFSaNY=
github.com/go-jose/go-jose/v3 v3.0.4/go.mod h1:5b+7YgP7ZICgJDBdfjZaIt+H/9L9T/YQrVfLAMboGkQ=
github.com/go-jose/go-jose/v4 v4.1.3 h1:CVLmWDhDVRa6Mi/IgCgaopNosCaHz7zrMeF9MlZRkrs=
github.com/go-jose/go-jose/v4 v4.1.3/go.mod h1:x4oUasVrzR7071A4TnHLGSPpNOm2a21K9Kf04k1rs08=
github.com/go-logr/logr v1.2.2/go.mod h1:jdQByPbusPIv2/zmleS9BjJVeZ6kBagPoEUsqbVz/1A=
github.com/go-logr/logr v1.4.3 h1:CjnDlHq8ikf6E492q6eKboGOC0T8CDaOvkHCIg8idEI=
github.com/go-logr/logr v1.4.3/go.mod h1:9T104GzyrTigFIr8wt5mBrctHMim0Nb2HLGrmQ40KvY=
github.com/go-logr/stdr v1.2.2 h1:hSWxHoqTgW2S2qGc0LTAI563KZ5YKYRhT3MFKZMbjag=
github.com/go-logr/stdr v1.2.2/go.mod h1:mMo/vtBO5dYbehREoey6XUKy/eSumjCCveDpRre4VKE=
github.com/go-playground/assert/v2 v2.2.0 h1:JvknZsQTYeFEAhQwI4qEt9cyV5ONwRHC+lYKSsYSR8s=
github.com/go-playground/assert/v2 v2.2.0/go.mod h1:VDjEfimB/XKnb+ZQfWdccd7VUvScMdVu0Titje2rxJ4=
github.com/go-playground/locales v0.14.1 h1:EWaQ/wswjilfKLTECiXz7Rh+3BjFhfDFKv/oXslEjJA=
github.com/go-playground/locales v0.14.1/go.mod h1:hxrqLVvrK65+Rwrd5Fc6F2O76J/NuW9t0sjnWqG1slY=
github.com/go-playground/universal-translator v0.18.1 h1:Bcnm0ZwsGyWbCzImXv+pAJnYK9S473LQFuzCbDbfSFY=
github.com/go-playground/universal-translator v0.18.1/go.mod h1:xekY+UJKNuX9WP91TpwSH2VMlDf28Uj24BCp08ZFTUY=
github.com/go-playground/validator/v10 v10.30.2 h1:JiFIMtSSHb2/XBUbWM4i/MpeQm9ZK2xqPNk8vgvu5JQ=
github.com/go-playground/validator/v10 v10.30.2/go.mod h1:mAf2pIOVXjTEBrwUMGKkCWKKPs9NheYGabeB04txQSc=
github.com/goccy/go-json v0.10.5 h1:Fq85nIqj+gXn/S5ahsiTlK3TmC85qgirsdTP/+DeaC4=
github.com/goccy/go-json v0.10.5/go.mod h1:oq7eo15ShAhp70Anwd5lgX2pLfOS3QCiwU/PULtXL6M=
github.com/golang-jwt/jwt/v5 v5.3.0 h1:pv4AsKCKKZuqlgs5sUmn4x8UlGa0kEVt/puTpKx9vvo=
github.com/golang-jwt/jwt/v5 v5.3.0/go.mod h1:fxCRLWMO43lRc8nhHWY6LGqRcf+1gQWArsqaEUEa5bE=
github.com/golang/protobuf v1.5.4 h1:i7eJL8qZTpSEXOPTxNKhASYpMn+8e5Q6AdndVa1dWek=
github.com/golang/protobuf v1.5.4/go.mod h1:lnTiLA8Wa4RWRcIUkrtSVa5nRhsEGBg48fD6rSs7xps=
github.com/google/btree v1.1.2 h1:xf4v41cLI2Z6FxbKm+8Bu+m8ifhj15JuZ9sa0jZCMUU=
github.com/google/btree v1.1.2/go.mod h1:qOPhT0dTNdNzV6Z/lhRX0YXUafgPLFUh+gZMl761Gm4=
github.com/google/go-cmp v0.5.9/go.mod h1:17dUlkBOakJ0+DkrSSNjCkIjxS6bF9zb3elmeNGIjoY=
github.com/google/go-cmp v0.7.0 h1:wk8382ETsv4JYUZwIsn6YpYiWiBsYLSJiTsyBybVuN8=
github.com/google/go-cmp v0.7.0/go.mod h1:pXiqmnSA92OHEEa9HXL2W4E7lf9JzCmGVUdgjX3N/iU=
github.com/google/go-replayers/grpcreplay v1.3.0 h1:1Keyy0m1sIpqstQmgz307zhiJ1pV4uIlFds5weTmxbo=
github.com/google/go-replayers/grpcreplay v1.3.0/go.mod h1:v6NgKtkijC0d3e3RW8il6Sy5sqRVUwoQa4mHOGEy8DI=
github.com/google/go-replayers/httpreplay v1.2.0 h1:VM1wEyyjaoU53BwrOnaf9VhAyQQEEioJvFYxYcLRKzk=
github.com/google/go-replayers/httpreplay v1.2.0/go.mod h1:WahEFFZZ7a1P4VM1qEeHy+tME4bwyqPcwWbNlUI1Mcg=
github.com/google/martian/v3 v3.3.3 h1:DIhPTQrbPkgs2yJYdXU/eNACCG5DVQjySNRNlflZ9Fc=
github.com/google/martian/v3 v3.3.3/go.mod h1:iEPrYcgCF7jA9OtScMFQyAlZZ4YXTKEtJ1E6RWzmBA0=
github.com/google/s2a-go v0.1.9 h1:LGD7gtMgezd8a/Xak7mEWL0PjoTQFvpRudN895yqKW0=
github.com/google/s2a-go v0.1.9/go.mod h1:YA0Ei2ZQL3acow2O62kdp9UlnvMmU7kA6Eutn0dXayM=
github.com/google/uuid v1.6.0 h1:NIvaJDMOsjHA8n1jAhLSgzrAzy1Hgr+hNrb57e+94F0=
github.com/google/uuid v1.6.0/go.mod h1:TIyPZe4MgqvfeYDBFedMoGGpEw/LqOeaOT+nhxU+yHo=
github.com/google/wire v0.7.0 h1:JxUKI6+CVBgCO2WToKy/nQk0sS+amI9z9EjVmdaocj4=
github.com/google/wire v0.7.0/go.mod h1:n6YbUQD9cPKTnHXEBN2DXlOp/mVADhVErcMFb0v3J18=
github.com/googleapis/enterprise-certificate-proxy v0.3.14 h1:yh8ncqsbUY4shRD5dA6RlzjJaT4hi3kII+zYw8wmLb8=
github.com/googleapis/enterprise-certificate-proxy v0.3.14/go.mod h1:vqVt9yG9480NtzREnTlmGSBmFrA+bzb0yl0TxoBQXOg=
github.com/googleapis/gax-go/v2 v2.19.0 h1:fYQaUOiGwll0cGj7jmHT/0nPlcrZDFPrZRhTsoCr8hE=
github.com/googleapis/gax-go/v2 v2.19.0/go.mod h1:w2ROXVdfGEVFXzmlciUU4EdjHgWvB5h2n6x/8XSTTJA=
github.com/gorilla/mux v1.8.1 h1:TuBL49tXwgrFYWhqrNgrUNEY92u81SPhu7sTdzQEiWY=
github.com/gorilla/mux v1.8.1/go.mod h1:AKf9I4AEqPTmMytcMc0KkNouC66V3BtZ4qD5fmWSiMQ=
github.com/gregjones/httpcache v0.0.0-20190611155906-901d90724c79 h1:+ngKgrYPPJrOjhax5N+uePQ0Fh1Z7PheYoUI/0nzkPA=
github.com/gregjones/httpcache v0.0.0-20190611155906-901d90724c79/go.mod h1:FecbI9+v66THATjSRHfNgh1IVFe/9kFxbXtjV0ctIMA=
github.com/hashicorp/errwrap v1.0.0/go.mod h1:YH+1FKiLXxHSkmPseP+kNlulaMuP3n2brvKWEqk/Jc4=
github.com/hashicorp/errwrap v1.1.0 h1:OxrOeh75EUXMY8TBjag2fzXGZ40LB6IKw45YeGUDY2I=
github.com/hashicorp/errwrap v1.1.0/go.mod h1:YH+1FKiLXxHSkmPseP+kNlulaMuP3n2brvKWEqk/Jc4=
github.com/hashicorp/go-multierror v1.1.1 h1:H5DkEtf6CXdFp0N0Em5UCwQpXMWke8IA0+lD48awMYo=
github.com/hashicorp/go-multierror v1.1.1/go.mod h1:iw975J/qwKPdAO1clOe2L8331t/9/fmwbPZ6JB6eMoM=
github.com/hashicorp/go-set/v3 v3.0.1 h1:ZwO15ZYmIrFYL9zSm2wBuwcRiHxVdp46m/XA/MUlM6I=
github.com/hashicorp/go-set/v3 v3.0.1/go.mod h1:0oPQqhtitglZeT2ZiWnRIfUG6gJAHnn7LzrS7SbgNY4=
github.com/inconshreveable/mousetrap v1.1.0 h1:wN+x4NVGpMsO7ErUn/mUI3vEoE6Jt13X2s0bqwp9tc8=
github.com/inconshreveable/mousetrap v1.1.0/go.mod h1:vpF70FUmC8bwa3OWnCshd2FqLfsEA9PFc4w1p2J65bw=
github.com/joho/godotenv v1.5.1 h1:7eLL/+HRGLY0ldzfGMeQkb7vMd0as4CfYvUVzLqw0N0=
github.com/joho/godotenv v1.5.1/go.mod h1:f4LDr5Voq0i2e/R5DDNOoa2zzDfwtkZa6DnEwAbqwq4=
github.com/kelseyhightower/envconfig v1.4.0 h1:Im6hONhd3pLkfDFsbRgu68RDNkGF1r3dvMUtDTo2cv8=
github.com/kelseyhightower/envconfig v1.4.0/go.mod h1:cccZRl6mQpaq41TPp5QxidR+Sa3axMbJDNb//FQX6Gg=
github.com/keybase/go-keychain v0.0.1 h1:way+bWYa6lDppZoZcgMbYsvC7GxljxrskdNInRtuthU=
github.com/keybase/go-keychain v0.0.1/go.mod h1:PdEILRW3i9D8JcdM+FmY6RwkHGnhHxXwkPPMeUgOK1k=
github.com/klauspost/compress v1.18.5 h1:/h1gH5Ce+VWNLSWqPzOVn6XBO+vJbCNGvjoaGBFW2IE=
github.com/klauspost/compress v1.18.5/go.mod h1:cwPg85FWrGar70rWktvGQj8/hthj3wpl0PGDogxkrSQ=
github.com/kr/pretty v0.3.1 h1:flRD4NNwYAUpkphVc1HcthR4KEIFJ65n8Mw5qdRn3LE=
github.com/kr/pretty v0.3.1/go.mod h1:hoEshYVHaxMs3cyo3Yncou5ZscifuDolrwPKZanG3xk=
github.com/kr/text v0.2.0 h1:5Nx0Ya0ZqY2ygV366QzturHI13Jq95ApcVaJBhpS+AY=
github.com/kr/text v0.2.0/go.mod h1:eLer722TekiGuMkidMxC/pM04lWEeraHUUmBw8l2grE=
github.com/kylelemons/godebug v1.1.0 h1:RPNrshWIDI6G2gRW9EHilWtl7Z6Sb1BR0xunSBf0SNc=
github.com/kylelemons/godebug v1.1.0/go.mod h1:9/0rRGxNHcop5bhtWyNeEfOS8JIWk580+fNqagV/RAw=
github.com/leodido/go-urn v1.4.0 h1:WT9HwE9SGECu3lg4d/dIA+jxlljEa1/ffXKmRjqdmIQ=
github.com/leodido/go-urn v1.4.0/go.mod h1:bvxc+MVxLKB4z00jd1z+Dvzr47oO32F/QSNjSBOlFxI=
github.com/lestrrat-go/blackmagic v1.0.3 h1:94HXkVLxkZO9vJI/w2u1T0DAoprShFd13xtnSINtDWs=
github.com/lestrrat-go/blackmagic v1.0.3/go.mod h1:6AWFyKNNj0zEXQYfTMPfZrAXUWUfTIZ5ECEUEJaijtw=
github.com/lestrrat-go/httpcc v1.0.1 h1:ydWCStUeJLkpYyjLDHihupbn2tYmZ7m22BGkcvZZrIE=
github.com/lestrrat-go/httpcc v1.0.1/go.mod h1:qiltp3Mt56+55GPVCbTdM9MlqhvzyuL6W/NMDA8vA5E=
github.com/lestrrat-go/httprc v1.0.6 h1:qgmgIRhpvBqexMJjA/PmwSvhNk679oqD1RbovdCGW8k=
github.com/lestrrat-go/httprc v1.0.6/go.mod h1:mwwz3JMTPBjHUkkDv/IGJ39aALInZLrhBp0X7KGUZlo=
github.com/lestrrat-go/iter v1.0.2 h1:gMXo1q4c2pHmC3dn8LzRhJfP1ceCbgSiT9lUydIzltI=
github.com/lestrrat-go/iter v1.0.2/go.mod h1:Momfcq3AnRlRjI5b5O8/G5/BvpzrhoFTZcn06fEOPt4=
github.com/lestrrat-go/jwx/v2 v2.1.6 h1:hxM1gfDILk/l5ylers6BX/Eq1m/pnxe9NBwW6lVfecA=
github.com/lestrrat-go/jwx/v2 v2.1.6/go.mod h1:Y722kU5r/8mV7fYDifjug0r8FK8mZdw0K0GpJw/l8pU=
github.com/lestrrat-go/option v1.0.1 h1:oAzP2fvZGQKWkvHa1/SAcFolBEca1oN+mQ7eooNBEYU=
github.com/lestrrat-go/option v1.0.1/go.mod h1:5ZHFbivi4xwXxhxY9XHDe2FHo6/Z7WWmtT7T5nBBp3I=
github.com/mattn/go-colorable v0.1.14 h1:9A9LHSqF/7dyVVX6g0U9cwm9pG3kP9gSzcuIPHPsaIE=
github.com/mattn/go-colorable v0.1.14/go.mod h1:6LmQG8QLFO4G5z1gPvYEzlUgJ2wF+stgPZH1UqBm1s8=
github.com/mattn/go-isatty v0.0.20 h1:xfD0iDuEKnDkl03q4limB+vH+GxLEtL/jb4xVJSWWEY=
github.com/mattn/go-isatty v0.0.20/go.mod h1:W+V8PltTTMOvKvAeJH7IuucS94S2C6jfK/D7dTCTo3Y=
github.com/mitchellh/mapstructure v1.5.0 h1:jeMsZIYE/09sWLaz43PL7Gy6RuMjD2eJVyuac5Z2hdY=
github.com/mitchellh/mapstructure v1.5.0/go.mod h1:bFUtVrKA4DC2yAKiSyO/QUcy7e+RRV2QTWOzhPopBRo=
github.com/okta/okta-sdk-golang/v2 v2.20.0 h1:EDKM+uOPfihOMNwgHMdno+NAsIfyXkVnoFAYVPay0YU=
github.com/okta/okta-sdk-golang/v2 v2.20.0/go.mod h1:FMy5hN5G8Rd/VoS0XrfyPPhIfOVo78ZK7lvwiQRS2+U=
github.com/patrickmn/go-cache v0.0.0-20180815053127-5633e0862627 h1:pSCLCl6joCFRnjpeojzOpEYs4q7Vditq8fySFG5ap3Y=
github.com/patrickmn/go-cache v0.0.0-20180815053127-5633e0862627/go.mod h1:3Qf8kWWT7OJRJbdiICTKqZju1ZixQ/KpMGzzAfe6+WQ=
github.com/peterbourgon/diskv v2.0.1+incompatible h1:UBdAOUP5p4RWqPBg048CAvpKN+vxiaj6gdUUzhl4XmI=
github.com/peterbourgon/diskv v2.0.1+incompatible/go.mod h1:uqqh8zWWbv1HBMNONnaR/tNboyR3/BZd58JJSHlUSCU=
github.com/pkg/browser v0.0.0-20240102092130-5ac0b6a4141c h1:+mdjkGKdHQG3305AYmdv1U2eRNDiU2ErMBj1gwrq8eQ=
github.com/pkg/browser v0.0.0-20240102092130-5ac0b6a4141c/go.mod h1:7rwL4CYBLnjLxUqIJNnCWiEdr3bn6IUYi15bNlnbCCU=
github.com/planetscale/vtprotobuf v0.6.1-0.20240319094008-0393e58bdf10 h1:GFCKgmp0tecUJ0sJuv4pzYCqS9+RGSn52M3FUwPs+uo=
github.com/planetscale/vtprotobuf v0.6.1-0.20240319094008-0393e58bdf10/go.mod h1:t/avpk3KcrXxUnYOhZhMXJlSEyie6gQbtLq5NM3loB8=
github.com/pmezard/go-difflib v1.0.0/go.mod h1:iKH77koFhYxTK1pcRnkKkqfTogsbg7gZNVY4sRDYZ/4=
github.com/pmezard/go-difflib v1.0.1-0.20181226105442-5d4384ee4fb2 h1:Jamvg5psRIccs7FGNTlIRMkT8wgtp5eCXdBlqhYGL6U=
github.com/pmezard/go-difflib v1.0.1-0.20181226105442-5d4384ee4fb2/go.mod h1:iKH77koFhYxTK1pcRnkKkqfTogsbg7gZNVY4sRDYZ/4=
github.com/rogpeppe/go-internal v1.14.1 h1:UQB4HGPB6osV0SQTLymcB4TgvyWu6ZyliaW0tI/otEQ=
github.com/rogpeppe/go-internal v1.14.1/go.mod h1:MaRKkUm5W0goXpeCfT7UZI6fk/L7L7so1lCWt35ZSgc=
github.com/rs/zerolog v1.35.0 h1:VD0ykx7HMiMJytqINBsKcbLS+BJ4WYjz+05us+LRTdI=
github.com/rs/zerolog v1.35.0/go.mod h1:EjML9kdfa/RMA7h/6z6pYmq1ykOuA8/mjWaEvGI+jcw=
github.com/russross/blackfriday/v2 v2.1.0/go.mod h1:+Rmxgy9KzJVeS9/2gXHxylqXiyQDYRxCVz55jmeOWTM=
github.com/segmentio/asm v1.2.0 h1:9BQrFxC+YOHJlTlHGkTrFWf59nbL3XnCoFLTwDCI7ys=
github.com/segmentio/asm v1.2.0/go.mod h1:BqMnlJP91P8d+4ibuonYZw9mfnzI9HfxselHZr5aAcs=
github.com/sergi/go-diff v1.3.1 h1:xkr+Oxo4BOQKmkn/B9eMK0g5Kg/983T9DqqPHwYqD+8=
github.com/sergi/go-diff v1.3.1/go.mod h1:aMJSSKb2lpPvRNec0+w3fl7LP9IOFzdc9Pa4NFbPK1I=
github.com/shoenig/test v1.12.1 h1:mLHfnMv7gmhhP44WrvT+nKSxKkPDiNkIuHGdIGI9RLU=
github.com/shoenig/test v1.12.1/go.mod h1:UxJ6u/x2v/TNs/LoLxBNJRV9DiwBBKYxXSyczsBHFoI=
github.com/spf13/cobra v1.10.2 h1:DMTTonx5m65Ic0GOoRY2c16WCbHxOOw6xxezuLaBpcU=
github.com/spf13/cobra v1.10.2/go.mod h1:7C1pvHqHw5A4vrJfjNwvOdzYu0Gml16OCs2GRiTUUS4=
github.com/spf13/pflag v1.0.9/go.mod h1:McXfInJRrz4CZXVZOBLb0bTZqETkiAhM9Iw0y3An2Bg=
github.com/spf13/pflag v1.0.10 h1:4EBh2KAYBwaONj6b2Ye1GiHfwjqyROoF4RwYO+vPwFk=
github.com/spf13/pflag v1.0.10/go.mod h1:McXfInJRrz4CZXVZOBLb0bTZqETkiAhM9Iw0y3An2Bg=
github.com/spiffe/go-spiffe/v2 v2.6.0 h1:l+DolpxNWYgruGQVV0xsfeya3CsC7m8iBzDnMpsbLuo=
github.com/spiffe/go-spiffe/v2 v2.6.0/go.mod h1:gm2SeUoMZEtpnzPNs2Csc0D/gX33k1xIx7lEzqblHEs=
github.com/stretchr/objx v0.1.0/go.mod h1:HFkY916IF+rwdDfMAkV7OtwuqBVzrE8GR6GFx+wExME=
github.com/stretchr/testify v1.6.1/go.mod h1:6Fq8oRcR53rry900zMqJjRRixrwX3KX962/h/Wwjteg=
github.com/stretchr/testify v1.7.0/go.mod h1:6Fq8oRcR53rry900zMqJjRRixrwX3KX962/h/Wwjteg=
github.com/stretchr/testify v1.7.1/go.mod h1:6Fq8oRcR53rry900zMqJjRRixrwX3KX962/h/Wwjteg=
github.com/stretchr/testify v1.11.1 h1:7s2iGBzp5EwR7/aIZr8ao5+dra3wiQyKjjFuvgVKu7U=
github.com/stretchr/testify v1.11.1/go.mod h1:wZwfW3scLgRK+23gO65QZefKpKQRnfz6sD981Nm4B6U=
github.com/tomnomnom/linkheader v0.0.0-20180905144013-02ca5825eb80 h1:nrZ3ySNYwJbSpD6ce9duiP+QkD3JuLCcWkdaehUS/3Y=
github.com/tomnomnom/linkheader v0.0.0-20180905144013-02ca5825eb80/go.mod h1:iFyPdL66DjUD96XmzVL3ZntbzcflLnznH0fr99w5VqE=
github.com/vektah/gqlparser/v2 v2.5.32 h1:k9QPJd4sEDTL+qB4ncPLflqTJ3MmjB9SrVzJrawpFSc=
github.com/vektah/gqlparser/v2 v2.5.32/go.mod h1:c1I28gSOVNzlfc4WuDlqU7voQnsqI6OG2amkBAFmgts=
github.com/yuin/goldmark v1.4.13/go.mod h1:6yULJ656Px+3vBD8DxQVa3kxgyrAnzto9xy5taEt/CY=
go.opentelemetry.io/auto/sdk v1.2.1 h1:jXsnJ4Lmnqd11kwkBV2LgLoFMZKizbCi5fNZ/ipaZ64=
go.opentelemetry.io/auto/sdk v1.2.1/go.mod h1:KRTj+aOaElaLi+wW1kO/DZRXwkF4C5xPbEe3ZiIhN7Y=
go.opentelemetry.io/contrib/detectors/gcp v1.39.0 h1:kWRNZMsfBHZ+uHjiH4y7Etn2FK26LAGkNFw7RHv1DhE=
go.opentelemetry.io/contrib/detectors/gcp v1.39.0/go.mod h1:t/OGqzHBa5v6RHZwrDBJ2OirWc+4q/w2fTbLZwAKjTk=
go.opentelemetry.io/contrib/instrumentation/google.golang.org/grpc/otelgrpc v0.63.0 h1:YH4g8lQroajqUwWbq/tr2QX1JFmEXaDLgG+ew9bLMWo=
go.opentelemetry.io/contrib/instrumentation/google.golang.org/grpc/otelgrpc v0.63.0/go.mod h1:fvPi2qXDqFs8M4B4fmJhE92TyQs9Ydjlg3RvfUp+NbQ=
go.opentelemetry.io/contrib/instrumentation/net/http/otelhttp v0.63.0 h1:RbKq8BG0FI8OiXhBfcRtqqHcZcka+gU3cskNuf05R18=
go.opentelemetry.io/contrib/instrumentation/net/http/otelhttp v0.63.0/go.mod h1:h06DGIukJOevXaj/xrNjhi/2098RZzcLTbc0jDAUbsg=
go.opentelemetry.io/otel v1.42.0 h1:lSQGzTgVR3+sgJDAU/7/ZMjN9Z+vUip7leaqBKy4sho=
go.opentelemetry.io/otel v1.42.0/go.mod h1:lJNsdRMxCUIWuMlVJWzecSMuNjE7dOYyWlqOXWkdqCc=
go.opentelemetry.io/otel/exporters/stdout/stdoutmetric v1.37.0 h1:6VjV6Et+1Hd2iLZEPtdV7vie80Yyqf7oikJLjQ/myi0=
go.opentelemetry.io/otel/exporters/stdout/stdoutmetric v1.37.0/go.mod h1:u8hcp8ji5gaM/RfcOo8z9NMnf1pVLfVY7lBY2VOGuUU=
go.opentelemetry.io/otel/metric v1.42.0 h1:2jXG+3oZLNXEPfNmnpxKDeZsFI5o4J+nz6xUlaFdF/4=
go.opentelemetry.io/otel/metric v1.42.0/go.mod h1:RlUN/7vTU7Ao/diDkEpQpnz3/92J9ko05BIwxYa2SSI=
go.opentelemetry.io/otel/sdk v1.42.0 h1:LyC8+jqk6UJwdrI/8VydAq/hvkFKNHZVIWuslJXYsDo=
go.opentelemetry.io/otel/sdk v1.42.0/go.mod h1:rGHCAxd9DAph0joO4W6OPwxjNTYWghRWmkHuGbayMts=
go.opentelemetry.io/otel/sdk/metric v1.42.0 h1:D/1QR46Clz6ajyZ3G8SgNlTJKBdGp84q9RKCAZ3YGuA=
go.opentelemetry.io/otel/sdk/metric v1.42.0/go.mod h1:Ua6AAlDKdZ7tdvaQKfSmnFTdHx37+J4ba8MwVCYM5hc=
go.opentelemetry.io/otel/trace v1.42.0 h1:OUCgIPt+mzOnaUTpOQcBiM/PLQ/Op7oq6g4LenLmOYY=
go.opentelemetry.io/otel/trace v1.42.0/go.mod h1:f3K9S+IFqnumBkKhRJMeaZeNk9epyhnCmQh/EysQCdc=
go.yaml.in/yaml/v3 v3.0.4/go.mod h1:DhzuOOF2ATzADvBadXxruRBLzYTpT36CKvDb3+aBEFg=
gocloud.dev v0.45.0 h1:WknIK8IbRdmynDvara3Q7G6wQhmEiOGwpgJufbM39sY=
gocloud.dev v0.45.0/go.mod h1:0kXKmkCLG6d31N7NyLZWzt7jDSQura9zD/mWgiB6THI=
golang.org/x/crypto v0.0.0-20190308221718-c2843e01d9a2/go.mod h1:djNgcEr1/C05ACkg1iLfiJU5Ep61QUkGW8qpdssI0+w=
golang.org/x/crypto v0.0.0-20210921155107-089bfa567519/go.mod h1:GvvjBRRGRdwPK5ydBHafDWAxML/pGHZbMvKqRZ5+Abc=
golang.org/x/crypto v0.19.0/go.mod h1:Iy9bg/ha4yyC70EfRS8jz+B6ybOBKMaSxLj6P6oBDfU=
golang.org/x/crypto v0.49.0 h1:+Ng2ULVvLHnJ/ZFEq4KdcDd/cfjrrjjNSXNzxg0Y4U4=
golang.org/x/crypto v0.49.0/go.mod h1:ErX4dUh2UM+CFYiXZRTcMpEcN8b/1gxEuv3nODoYtCA=
golang.org/x/exp v0.0.0-20240909161429-701f63a606c0 h1:e66Fs6Z+fZTbFBAxKfP3PALWBtpfqks2bwGcexMxgtk=
golang.org/x/exp v0.0.0-20240909161429-701f63a606c0/go.mod h1:2TbTHSBQa924w8M6Xs1QcRcFwyucIwBGpK1p2f1YFFY=
golang.org/x/mod v0.6.0-dev.0.20220419223038-86c51ed26bb4/go.mod h1:jJ57K6gSWd91VN4djpZkiMVwK6gcyfeH4XE8wZrZaV4=
golang.org/x/mod v0.8.0/go.mod h1:iBbtSCu2XBx23ZKBPSOrRkjjQPZFPuis4dIYUhu/chs=
golang.org/x/net v0.0.0-20190620200207-3b0461eec859/go.mod h1:z5CRVTTTmAJ677TzLLGU+0bjPO0LkuOLi4/5GtJWs/s=
golang.org/x/net v0.0.0-20210226172049-e18ecbb05110/go.mod h1:m0MpNAwzfU5UDzcl9v0D8zg8gWTRqZa9RBIspLL5mdg=
golang.org/x/net v0.0.0-20210510120150-4163338589ed/go.mod h1:9nx3DQGgdP8bBQD5qxJ1jj9UTztislL4KSBs9R2vV5Y=
golang.org/x/net v0.0.0-20220722155237-a158d28d115b/go.mod h1:XRhObCWvk6IyKnWLug+ECip1KBveYUHfp+8e9klMJ9c=
golang.org/x/net v0.6.0/go.mod h1:2Tu9+aMcznHK/AK1HMvgo6xiTLG5rD5rZLDS+rp2Bjs=
golang.org/x/net v0.10.0/go.mod h1:0qNGK6F8kojg2nk9dLZ2mShWaEBan6FAoqfSigmmuDg=
golang.org/x/net v0.52.0 h1:He/TN1l0e4mmR3QqHMT2Xab3Aj3L9qjbhRm78/6jrW0=
golang.org/x/net v0.52.0/go.mod h1:R1MAz7uMZxVMualyPXb+VaqGSa3LIaUqk0eEt3w36Sw=
golang.org/x/oauth2 v0.36.0 h1:peZ/1z27fi9hUOFCAZaHyrpWG5lwe0RJEEEeH0ThlIs=
golang.org/x/oauth2 v0.36.0/go.mod h1:YDBUJMTkDnJS+A4BP4eZBjCqtokkg1hODuPjwiGPO7Q=
golang.org/x/sync v0.0.0-20190423024810-112230192c58/go.mod h1:RxMgew5VJxzue5/jJTE5uejpjVlOe/izrB70Jof72aM=
golang.org/x/sync v0.0.0-20220722155255-886fb9371eb4/go.mod h1:RxMgew5VJxzue5/jJTE5uejpjVlOe/izrB70Jof72aM=
golang.org/x/sync v0.1.0/go.mod h1:RxMgew5VJxzue5/jJTE5uejpjVlOe/izrB70Jof72aM=
golang.org/x/sync v0.20.0 h1:e0PTpb7pjO8GAtTs2dQ6jYa5BWYlMuX047Dco/pItO4=
golang.org/x/sync v0.20.0/go.mod h1:9xrNwdLfx4jkKbNva9FpL6vEN7evnE43NNNJQ2LF3+0=
golang.org/x/sys v0.0.0-20190215142949-d0b11bdaac8a/go.mod h1:STP8DvDyc/dI5b8T5hshtkjS+E42TnysNCUPdjciGhY=
golang.org/x/sys v0.0.0-20201119102817-f84b799fce68/go.mod h1:h1NjWce9XRLGQEsW7wpKNCjG9DtNlClVuFLEZdDNbEs=
golang.org/x/sys v0.0.0-20210423082822-04245dca01da/go.mod h1:h1NjWce9XRLGQEsW7wpKNCjG9DtNlClVuFLEZdDNbEs=
golang.org/x/sys v0.0.0-20210615035016-665e8c7367d1/go.mod h1:oPkhp1MJrh7nUepCBck5+mAzfO9JrbApNNgaTdGDITg=
golang.org/x/sys v0.0.0-20220520151302-bc2c85ada10a/go.mod h1:oPkhp1MJrh7nUepCBck5+mAzfO9JrbApNNgaTdGDITg=
golang.org/x/sys v0.0.0-20220722155257-8c9f86f7a55f/go.mod h1:oPkhp1MJrh7nUepCBck5+mAzfO9JrbApNNgaTdGDITg=
golang.org/x/sys v0.1.0/go.mod h1:oPkhp1MJrh7nUepCBck5+mAzfO9JrbApNNgaTdGDITg=
golang.org/x/sys v0.5.0/go.mod h1:oPkhp1MJrh7nUepCBck5+mAzfO9JrbApNNgaTdGDITg=
golang.org/x/sys v0.6.0/go.mod h1:oPkhp1MJrh7nUepCBck5+mAzfO9JrbApNNgaTdGDITg=
golang.org/x/sys v0.8.0/go.mod h1:oPkhp1MJrh7nUepCBck5+mAzfO9JrbApNNgaTdGDITg=
golang.org/x/sys v0.17.0/go.mod h1:/VUhepiaJMQUp4+oa/7Zr1D23ma6VTLIYjOOTFZPUcA=
golang.org/x/sys v0.42.0 h1:omrd2nAlyT5ESRdCLYdm3+fMfNFE/+Rf4bDIQImRJeo=
golang.org/x/sys v0.42.0/go.mod h1:4GL1E5IUh+htKOUEOaiffhrAeqysfVGipDYzABqnCmw=
golang.org/x/term v0.0.0-20201126162022-7de9c90e9dd1/go.mod h1:bj7SfCRtBDWHUb9snDiAeCFNEtKQo2Wmx5Cou7ajbmo=
golang.org/x/term v0.0.0-20210927222741-03fcf44c2211/go.mod h1:jbD1KX2456YbFQfuXm/mYQcufACuNUgVhRMnK/tPxf8=
golang.org/x/term v0.5.0/go.mod h1:jMB1sMXY+tzblOD4FWmEbocvup2/aLOaQEp7JmGp78k=
golang.org/x/term v0.8.0/go.mod h1:xPskH00ivmX89bAKVGSKKtLOWNx2+17Eiy94tnKShWo=
golang.org/x/term v0.17.0/go.mod h1:lLRBjIVuehSbZlaOtGMbcMncT+aqLLLmKrsjNrUguwk=
golang.org/x/text v0.3.0/go.mod h1:NqM8EUOU14njkJ3fqMW+pc6Ldnwhi/IjpwHt7yyuwOQ=
golang.org/x/text v0.3.3/go.mod h1:5Zoc/QRtKVWzQhOtBMvqHzDpF6irO9z98xDceosuGiQ=
golang.org/x/text v0.3.6/go.mod h1:5Zoc/QRtKVWzQhOtBMvqHzDpF6irO9z98xDceosuGiQ=
golang.org/x/text v0.3.7/go.mod h1:u+2+/6zg+i71rQMx5EYifcz6MCKuco9NR6JIITiCfzQ=
golang.org/x/text v0.7.0/go.mod h1:mrYo+phRRbMaCq/xk9113O4dZlRixOauAjOtrjsXDZ8=
golang.org/x/text v0.9.0/go.mod h1:e1OnstbJyHTd6l/uOt8jFFHp6TRDWZR/bV3emEE/zU8=
golang.org/x/text v0.14.0/go.mod h1:18ZOQIKpY8NJVqYksKHtTdi31H5itFRjB5/qKTNYzSU=
golang.org/x/text v0.35.0 h1:JOVx6vVDFokkpaq1AEptVzLTpDe9KGpj5tR4/X+ybL8=
golang.org/x/text v0.35.0/go.mod h1:khi/HExzZJ2pGnjenulevKNX1W67CUy0AsXcNubPGCA=
golang.org/x/time v0.15.0 h1:bbrp8t3bGUeFOx08pvsMYRTCVSMk89u4tKbNOZbp88U=
golang.org/x/time v0.15.0/go.mod h1:Y4YMaQmXwGQZoFaVFk4YpCt4FLQMYKZe9oeV/f4MSno=
golang.org/x/tools v0.0.0-20180917221912-90fa682c2a6e/go.mod h1:n7NCudcB/nEzxVGmLbDWY5pfWTLqBcC2KZ6jyYvM4mQ=
golang.org/x/tools v0.0.0-20191119224855-298f0cb1881e/go.mod h1:b+2E5dAYhXwXZwtnZ6UAqBI28+e2cm9otk0dWdXHAEo=
golang.org/x/tools v0.1.12/go.mod h1:hNGJHUnrk76NpqgfD5Aqm5Crs+Hm0VOH/i9J2+nxYbc=
golang.org/x/tools v0.6.0/go.mod h1:Xwgl3UAJ/d3gWutnCtw505GrjyAbvKui8lOU390QaIU=
golang.org/x/xerrors v0.0.0-20190717185122-a985d3407aa7/go.mod h1:I/5z698sn9Ka8TeJc9MKroUUfqBBauWjQqLJ2OPfmY0=
golang.org/x/xerrors v0.0.0-20240903120638-7835f813f4da h1:noIWHXmPHxILtqtCOPIhSt0ABwskkZKjD3bXGnZGpNY=
golang.org/x/xerrors v0.0.0-20240903120638-7835f813f4da/go.mod h1:NDW/Ps6MPRej6fsCIbMTohpP40sJ/P/vI1MoTEGwX90=
gonum.org/v1/gonum v0.16.0 h1:5+ul4Swaf3ESvrOnidPp4GZbzf0mxVQpDCYUQE7OJfk=
gonum.org/v1/gonum v0.16.0/go.mod h1:fef3am4MQ93R2HHpKnLk4/Tbh/s0+wqD5nfa6Pnwy4E=
google.golang.org/api v0.273.1 h1:L7G/TmpAMz0nKx/ciAVssVmWQiOF6+pOuXeKrWVsquY=
google.golang.org/api v0.273.1/go.mod h1:JbAt7mF+XVmWu6xNP8/+CTiGH30ofmCmk9nM8d8fHew=
google.golang.org/genproto v0.0.0-20260316180232-0b37fe3546d5 h1:JNfk58HZ8lfmXbYK2vx/UvsqIL59TzByCxPIX4TDmsE=
google.golang.org/genproto v0.0.0-20260316180232-0b37fe3546d5/go.mod h1:x5julN69+ED4PcFk/XWayw35O0lf/nGa4aNgODCmNmw=
google.golang.org/genproto/googleapis/api v0.0.0-20260316180232-0b37fe3546d5 h1:CogIeEXn4qWYzzQU0QqvYBM8yDF9cFYzDq9ojSpv0Js=
google.golang.org/genproto/googleapis/api v0.0.0-20260316180232-0b37fe3546d5/go.mod h1:EIQZ5bFCfRQDV4MhRle7+OgjNtZ6P1PiZBgAKuxXu/Y=
google.golang.org/genproto/googleapis/rpc v0.0.0-20260319201613-d00831a3d3e7 h1:ndE4FoJqsIceKP2oYSnUZqhTdYufCYYkqwtFzfrhI7w=
google.golang.org/genproto/googleapis/rpc v0.0.0-20260319201613-d00831a3d3e7/go.mod h1:4Hqkh8ycfw05ld/3BWL7rJOSfebL2Q+DVDeRgYgxUU8=
google.golang.org/grpc v1.79.3 h1:sybAEdRIEtvcD68Gx7dmnwjZKlyfuc61Dyo9pGXXkKE=
google.golang.org/grpc v1.79.3/go.mod h1:KmT0Kjez+0dde/v2j9vzwoAScgEPx/Bw1CYChhHLrHQ=
google.golang.org/protobuf v1.36.11 h1:fV6ZwhNocDyBLK0dj+fg8ektcVegBBuEolpbTQyBNVE=
google.golang.org/protobuf v1.36.11/go.mod h1:HTf+CrKn2C3g5S8VImy6tdcUvCska2kB7j23XfzDpco=
gopkg.in/check.v1 v0.0.0-20161208181325-20d25e280405/go.mod h1:Co6ibVJAznAaIkqp8huTwlJQCZ016jof/cbN4VW5Yz0=
gopkg.in/check.v1 v1.0.0-20201130134442-10cb98267c6c h1:Hei/4ADfdWqJk1ZMxUNpqntNwaWcugrBjAiHlqqRiVk=
gopkg.in/check.v1 v1.0.0-20201130134442-10cb98267c6c/go.mod h1:JHkPIbrfpd72SG/EVd6muEfDQjcINNoR0C8j2r3qZ4Q=
gopkg.in/dnaeon/go-vcr.v3 v3.2.0 h1:Rltp0Vf+Aq0u4rQXgmXgtgoRDStTnFN83cWgSGSoRzM=
gopkg.in/dnaeon/go-vcr.v3 v3.2.0/go.mod h1:2IMOnnlx9I6u9x+YBsM3tAMx6AlOxnJ0pWxQAzZ79Ag=
gopkg.in/yaml.v3 v3.0.0-20200313102051-9f266ea9e77c/go.mod h1:K4uyk7z7BCEPqu6E+C64Yfv1cQ7kz7rIZviUmN+EgEM=
gopkg.in/yaml.v3 v3.0.1 h1:fxVm/GzAzEWqLHuvctI91KS9hhNmmWOoWu0XTYJS7CA=
gopkg.in/yaml.v3 v3.0.1/go.mod h1:K4uyk7z7BCEPqu6E+C64Yfv1cQ7kz7rIZviUmN+EgEM=
